
Microsoft Visual Studio Solution File, Format Version 12.00
# Visual Studio Version 16
VisualStudioVersion = 16.0.31515.178
MinimumVisualStudioVersion = 10.0.40219.1
Project("{FAE04EC0-301F-11D3-BF4B-00C04F79EFBC}") = "AcmeSystems", "AcmeSystems.csproj", "{CE5F581E-AC33-4030-B4AE-B615356E9240}"
EndProject
Global
	GlobalSection(SolutionConfigurationPlatforms) = preSolution
		Debug|Any CPU = Debug|Any CPU
		Release|Any CPU = Release|Any CPU
	EndGlobalSection
	GlobalSection(ProjectConfigurationPlatforms) = postSolution
		{CE5F581E-AC33-4030-B4AE-B615356E9240}.Debug|Any CPU.ActiveCfg = Debug|Any CPU
		{CE5F581E-AC33-4030-B4AE-B615356E9240}.Debug|Any CPU.Build.0 = Debug|Any CPU
		{CE5F581E-AC33-4030-B4AE-B615356E9240}.Release|Any CPU.ActiveCfg = Release|Any CPU
		{CE5F581E-AC33-4030-B4AE-B615356E9240}.Release|Any CPU.Build.0 = Release|Any CPU
	EndGlobalSection
	GlobalSection(SolutionProperties) = preSolution
		HideSolutionNode = FALSE
	EndGlobalSection
	GlobalSection(ExtensibilityGlobals) = postSolution
		SolutionGuid = {33DDB008-B035-4738-A2B7-13EDD4D1FE6F}
	EndGlobalSection
EndGlobal
