
Microsoft Visual Studio Solution File, Format Version 12.00
# Visual Studio Version 16
VisualStudioVersion = 16.0.31515.178
MinimumVisualStudioVersion = 10.0.40219.1
Project("{FAE04EC0-301F-11D3-BF4B-00C04F79EFBC}") = "ConstructorChains", "ConstructorChains.csproj", "{F2DACC50-6C00-4C89-855E-6DC00446B5F1}"
EndProject
Global
	GlobalSection(SolutionConfigurationPlatforms) = preSolution
		Debug|Any CPU = Debug|Any CPU
		Release|Any CPU = Release|Any CPU
	EndGlobalSection
	GlobalSection(ProjectConfigurationPlatforms) = postSolution
		{F2DACC50-6C00-4C89-855E-6DC00446B5F1}.Debug|Any CPU.ActiveCfg = Debug|Any CPU
		{F2DACC50-6C00-4C89-855E-6DC00446B5F1}.Debug|Any CPU.Build.0 = Debug|Any CPU
		{F2DACC50-6C00-4C89-855E-6DC00446B5F1}.Release|Any CPU.ActiveCfg = Release|Any CPU
		{F2DACC50-6C00-4C89-855E-6DC00446B5F1}.Release|Any CPU.Build.0 = Release|Any CPU
	EndGlobalSection
	GlobalSection(SolutionProperties) = preSolution
		HideSolutionNode = FALSE
	EndGlobalSection
	GlobalSection(ExtensibilityGlobals) = postSolution
		SolutionGuid = {6952A66E-88B3-4562-BCCE-7E7AF6567FB9}
	EndGlobalSection
EndGlobal
